
Microsoft Visual Studio Solution File, Format Version 12.00
# Visual Studio Version 16
VisualStudioVersion = 16.0.30621.155
MinimumVisualStudioVersion = 10.0.40219.1
Project("{FAE04EC0-301F-11D3-BF4B-00C04F79EFBC}") = "_TFE", "TFE\_TFE.csproj", "{2654DB12-9C46-41D2-AEAF-2B1D49839B8F}"
EndProject
Project("{54435603-DBB4-11D2-8724-00A0C9A8B90C}") = "_TFE_Installer", "TFE_Installer\TFE_Installer.vdproj", "{82489093-7152-43D0-95F0-B7A3A9DE0C77}"
EndProject
Project("{FAE04EC0-301F-11D3-BF4B-00C04F79EFBC}") = "DB", "DB\DB.csproj", "{C441A43A-BAB6-4FD3-9501-B068460C9A2F}"
EndProject
Global
	GlobalSection(SolutionConfigurationPlatforms) = preSolution
		Debug|Any CPU = Debug|Any CPU
		Release|Any CPU = Release|Any CPU
	EndGlobalSection
	GlobalSection(ProjectConfigurationPlatforms) = postSolution
		{2654DB12-9C46-41D2-AEAF-2B1D49839B8F}.Debug|Any CPU.ActiveCfg = Debug|Any CPU
		{2654DB12-9C46-41D2-AEAF-2B1D49839B8F}.Debug|Any CPU.Build.0 = Debug|Any CPU
		{2654DB12-9C46-41D2-AEAF-2B1D49839B8F}.Release|Any CPU.ActiveCfg = Release|Any CPU
		{2654DB12-9C46-41D2-AEAF-2B1D49839B8F}.Release|Any CPU.Build.0 = Release|Any CPU
		{82489093-7152-43D0-95F0-B7A3A9DE0C77}.Debug|Any CPU.ActiveCfg = Debug
		{82489093-7152-43D0-95F0-B7A3A9DE0C77}.Debug|Any CPU.Build.0 = Debug
		{82489093-7152-43D0-95F0-B7A3A9DE0C77}.Release|Any CPU.ActiveCfg = Release
		{C441A43A-BAB6-4FD3-9501-B068460C9A2F}.Debug|Any CPU.ActiveCfg = Debug|Any CPU
		{C441A43A-BAB6-4FD3-9501-B068460C9A2F}.Debug|Any CPU.Build.0 = Debug|Any CPU
		{C441A43A-BAB6-4FD3-9501-B068460C9A2F}.Release|Any CPU.ActiveCfg = Release|Any CPU
		{C441A43A-BAB6-4FD3-9501-B068460C9A2F}.Release|Any CPU.Build.0 = Release|Any CPU
	EndGlobalSection
	GlobalSection(SolutionProperties) = preSolution
		HideSolutionNode = FALSE
	EndGlobalSection
	GlobalSection(ExtensibilityGlobals) = postSolution
		SolutionGuid = {B06486C5-07EC-4D0D-B99A-702DB16B70C6}
	EndGlobalSection
EndGlobal
